
Microsoft Visual Studio Solution File, Format Version 12.00
# Visual Studio Version 16
VisualStudioVersion = 16.0.29613.14
MinimumVisualStudioVersion = 10.0.40219.1
Project("{FAE04EC0-301F-11D3-BF4B-00C04F79EFBC}") = "Xabvfinacialportal", "Xabvfinacialportal\Xabvfinacialportal.csproj", "{CE60506A-FE12-4620-8495-2CEB4A3FFBEE}"
EndProject
Global
	GlobalSection(SolutionConfigurationPlatforms) = preSolution
		Debug|Any CPU = Debug|Any CPU
		Release|Any CPU = Release|Any CPU
	EndGlobalSection
	GlobalSection(ProjectConfigurationPlatforms) = postSolution
		{CE60506A-FE12-4620-8495-2CEB4A3FFBEE}.Debug|Any CPU.ActiveCfg = Debug|Any CPU
		{CE60506A-FE12-4620-8495-2CEB4A3FFBEE}.Debug|Any CPU.Build.0 = Debug|Any CPU
		{CE60506A-FE12-4620-8495-2CEB4A3FFBEE}.Release|Any CPU.ActiveCfg = Release|Any CPU
		{CE60506A-FE12-4620-8495-2CEB4A3FFBEE}.Release|Any CPU.Build.0 = Release|Any CPU
	EndGlobalSection
	GlobalSection(SolutionProperties) = preSolution
		HideSolutionNode = FALSE
	EndGlobalSection
	GlobalSection(ExtensibilityGlobals) = postSolution
		SolutionGuid = {E05C427D-C4D5-4298-844E-7987ED3BD8B3}
	EndGlobalSection
EndGlobal
